
Microsoft Visual Studio Solution File, Format Version 12.00
Project("{FAE04EC0-301F-11D3-BF4B-00C04F79EFBC}") = "ApiGetWayServices", "ApiGetWayServices\ApiGetWayServices.csproj", "{75C99777-1F62-4067-A0FF-BCC7DF8F5A2C}"
EndProject
Global
	GlobalSection(SolutionConfigurationPlatforms) = preSolution
		Debug|Any CPU = Debug|Any CPU
		Release|Any CPU = Release|Any CPU
	EndGlobalSection
	GlobalSection(ProjectConfigurationPlatforms) = postSolution
		{75C99777-1F62-4067-A0FF-BCC7DF8F5A2C}.Debug|Any CPU.ActiveCfg = Debug|Any CPU
		{75C99777-1F62-4067-A0FF-BCC7DF8F5A2C}.Debug|Any CPU.Build.0 = Debug|Any CPU
		{75C99777-1F62-4067-A0FF-BCC7DF8F5A2C}.Release|Any CPU.ActiveCfg = Release|Any CPU
		{75C99777-1F62-4067-A0FF-BCC7DF8F5A2C}.Release|Any CPU.Build.0 = Release|Any CPU
	EndGlobalSection
EndGlobal
